
Microsoft Visual Studio Solution File, Format Version 12.00
# Visual Studio Version 16
VisualStudioVersion = 16.0.31229.75
MinimumVisualStudioVersion = 10.0.40219.1
Project("{FAE04EC0-301F-11D3-BF4B-00C04F79EFBC}") = "Chat Program", "Chat Program\Chat Program.csproj", "{FA4E6CAD-3780-4C12-AD5C-CD60D4411BCB}"
EndProject
Global
	GlobalSection(SolutionConfigurationPlatforms) = preSolution
		Debug|Any CPU = Debug|Any CPU
		Release|Any CPU = Release|Any CPU
	EndGlobalSection
	GlobalSection(ProjectConfigurationPlatforms) = postSolution
		{FA4E6CAD-3780-4C12-AD5C-CD60D4411BCB}.Debug|Any CPU.ActiveCfg = Debug|Any CPU
		{FA4E6CAD-3780-4C12-AD5C-CD60D4411BCB}.Debug|Any CPU.Build.0 = Debug|Any CPU
		{FA4E6CAD-3780-4C12-AD5C-CD60D4411BCB}.Release|Any CPU.ActiveCfg = Release|Any CPU
		{FA4E6CAD-3780-4C12-AD5C-CD60D4411BCB}.Release|Any CPU.Build.0 = Release|Any CPU
	EndGlobalSection
	GlobalSection(SolutionProperties) = preSolution
		HideSolutionNode = FALSE
	EndGlobalSection
	GlobalSection(ExtensibilityGlobals) = postSolution
		SolutionGuid = {6F09C66A-D916-41B3-A0BB-7A05E5C92F42}
	EndGlobalSection
EndGlobal
